
Microsoft Visual Studio Solution File, Format Version 12.00
# Visual Studio Version 17
VisualStudioVersion = 17.7.34031.279
MinimumVisualStudioVersion = 10.0.40219.1
Project("{9A19103F-16F7-4668-BE54-9A1E7A4F7556}") = "DanilvarKanji.Api", "NihongoQCards.Api\DanilvarKanji.Api.csproj", "{F6A91818-A641-43F9-B462-EAA22E748AC6}"
EndProject
Project("{FAE04EC0-301F-11D3-BF4B-00C04F79EFBC}") = "DanilvarKanji.Domain", "DanilvarKanji.Domain\DanilvarKanji.Domain.csproj", "{954538D7-808D-4AAD-8D17-4C56528E7BF4}"
EndProject
Project("{FAE04EC0-301F-11D3-BF4B-00C04F79EFBC}") = "DanilvarKanji.Client", "DanilvarKanji.Client\DanilvarKanji.Client.csproj", "{C5EDEE28-542C-41E3-BCA2-CB8B52CB5B0E}"
EndProject
Project("{FAE04EC0-301F-11D3-BF4B-00C04F79EFBC}") = "Danilvar.Components", "Danilvar.Components\Danilvar.Components.csproj", "{F7BCB5EF-3F27-424F-84C3-918693D6C450}"
EndProject
Project("{FAE04EC0-301F-11D3-BF4B-00C04F79EFBC}") = "DanilvarKanji.Application", "DanilvarKanji.Application\DanilvarKanji.Application.csproj", "{1C9DFEAB-B82C-4F12-A572-0028E36C1274}"
EndProject
Project("{FAE04EC0-301F-11D3-BF4B-00C04F79EFBC}") = "DanilvarKanji.Shared", "DanilvarKanji.Shared\DanilvarKanji.Shared.csproj", "{7F7FE35E-1E83-4222-BBE4-DBF378984062}"
EndProject
Project("{FAE04EC0-301F-11D3-BF4B-00C04F79EFBC}") = "DanilvarKanji.Mappings", "DanilvarKanji.Mappings\DanilvarKanji.Mappings.csproj", "{78F24DF1-1C88-42F0-9BC7-9BFB855D4823}"
EndProject
Project("{FAE04EC0-301F-11D3-BF4B-00C04F79EFBC}") = "DanilvarKanji.Infrastructure", "DanilvarKanji.Infrastructure\DanilvarKanji.Infrastructure.csproj", "{E09C5D86-DBAC-4E4D-84DE-462C7DAF40EF}"
EndProject
Project("{2150E333-8FDC-42A3-9474-1A3956D46DE8}") = "src", "src", "{4271BA5E-E4B0-43E3-8EC7-5871F567C9E2}"
EndProject
Project("{2150E333-8FDC-42A3-9474-1A3956D46DE8}") = "tests", "tests", "{A11F1470-B261-4049-9B99-9D8F51071A94}"
EndProject
Project("{FAE04EC0-301F-11D3-BF4B-00C04F79EFBC}") = "DanilvarKanji.Application.Tests", "DanilvarKanji.Application.Tests\DanilvarKanji.Application.Tests.csproj", "{15D59C1F-F75F-45E8-8639-FB349D07A303}"
EndProject
Project("{FAE04EC0-301F-11D3-BF4B-00C04F79EFBC}") = "DanilvarKanji.Client.Tests", "DanilvarKanji.Client.Tests\DanilvarKanji.Client.Tests.csproj", "{A2561D36-9E89-412A-A17A-396A376FC2F5}"
EndProject
Global
	GlobalSection(SolutionConfigurationPlatforms) = preSolution
		Debug|Any CPU = Debug|Any CPU
		Release|Any CPU = Release|Any CPU
	EndGlobalSection
	GlobalSection(ProjectConfigurationPlatforms) = postSolution
		{F6A91818-A641-43F9-B462-EAA22E748AC6}.Debug|Any CPU.ActiveCfg = Debug|Any CPU
		{F6A91818-A641-43F9-B462-EAA22E748AC6}.Debug|Any CPU.Build.0 = Debug|Any CPU
		{F6A91818-A641-43F9-B462-EAA22E748AC6}.Release|Any CPU.ActiveCfg = Release|Any CPU
		{F6A91818-A641-43F9-B462-EAA22E748AC6}.Release|Any CPU.Build.0 = Release|Any CPU
		{954538D7-808D-4AAD-8D17-4C56528E7BF4}.Debug|Any CPU.ActiveCfg = Debug|Any CPU
		{954538D7-808D-4AAD-8D17-4C56528E7BF4}.Debug|Any CPU.Build.0 = Debug|Any CPU
		{954538D7-808D-4AAD-8D17-4C56528E7BF4}.Release|Any CPU.ActiveCfg = Release|Any CPU
		{954538D7-808D-4AAD-8D17-4C56528E7BF4}.Release|Any CPU.Build.0 = Release|Any CPU
		{C5EDEE28-542C-41E3-BCA2-CB8B52CB5B0E}.Debug|Any CPU.ActiveCfg = Debug|Any CPU
		{C5EDEE28-542C-41E3-BCA2-CB8B52CB5B0E}.Debug|Any CPU.Build.0 = Debug|Any CPU
		{C5EDEE28-542C-41E3-BCA2-CB8B52CB5B0E}.Release|Any CPU.ActiveCfg = Release|Any CPU
		{C5EDEE28-542C-41E3-BCA2-CB8B52CB5B0E}.Release|Any CPU.Build.0 = Release|Any CPU
		{F7BCB5EF-3F27-424F-84C3-918693D6C450}.Debug|Any CPU.ActiveCfg = Debug|Any CPU
		{F7BCB5EF-3F27-424F-84C3-918693D6C450}.Debug|Any CPU.Build.0 = Debug|Any CPU
		{F7BCB5EF-3F27-424F-84C3-918693D6C450}.Release|Any CPU.ActiveCfg = Release|Any CPU
		{F7BCB5EF-3F27-424F-84C3-918693D6C450}.Release|Any CPU.Build.0 = Release|Any CPU
		{1C9DFEAB-B82C-4F12-A572-0028E36C1274}.Debug|Any CPU.ActiveCfg = Debug|Any CPU
		{1C9DFEAB-B82C-4F12-A572-0028E36C1274}.Debug|Any CPU.Build.0 = Debug|Any CPU
		{1C9DFEAB-B82C-4F12-A572-0028E36C1274}.Release|Any CPU.ActiveCfg = Release|Any CPU
		{1C9DFEAB-B82C-4F12-A572-0028E36C1274}.Release|Any CPU.Build.0 = Release|Any CPU
		{7F7FE35E-1E83-4222-BBE4-DBF378984062}.Debug|Any CPU.ActiveCfg = Debug|Any CPU
		{7F7FE35E-1E83-4222-BBE4-DBF378984062}.Debug|Any CPU.Build.0 = Debug|Any CPU
		{7F7FE35E-1E83-4222-BBE4-DBF378984062}.Release|Any CPU.ActiveCfg = Release|Any CPU
		{7F7FE35E-1E83-4222-BBE4-DBF378984062}.Release|Any CPU.Build.0 = Release|Any CPU
		{78F24DF1-1C88-42F0-9BC7-9BFB855D4823}.Debug|Any CPU.ActiveCfg = Debug|Any CPU
		{78F24DF1-1C88-42F0-9BC7-9BFB855D4823}.Debug|Any CPU.Build.0 = Debug|Any CPU
		{78F24DF1-1C88-42F0-9BC7-9BFB855D4823}.Release|Any CPU.ActiveCfg = Release|Any CPU
		{78F24DF1-1C88-42F0-9BC7-9BFB855D4823}.Release|Any CPU.Build.0 = Release|Any CPU
		{E09C5D86-DBAC-4E4D-84DE-462C7DAF40EF}.Debug|Any CPU.ActiveCfg = Debug|Any CPU
		{E09C5D86-DBAC-4E4D-84DE-462C7DAF40EF}.Debug|Any CPU.Build.0 = Debug|Any CPU
		{E09C5D86-DBAC-4E4D-84DE-462C7DAF40EF}.Release|Any CPU.ActiveCfg = Release|Any CPU
		{E09C5D86-DBAC-4E4D-84DE-462C7DAF40EF}.Release|Any CPU.Build.0 = Release|Any CPU
		{15D59C1F-F75F-45E8-8639-FB349D07A303}.Debug|Any CPU.ActiveCfg = Debug|Any CPU
		{15D59C1F-F75F-45E8-8639-FB349D07A303}.Debug|Any CPU.Build.0 = Debug|Any CPU
		{15D59C1F-F75F-45E8-8639-FB349D07A303}.Release|Any CPU.ActiveCfg = Release|Any CPU
		{15D59C1F-F75F-45E8-8639-FB349D07A303}.Release|Any CPU.Build.0 = Release|Any CPU
		{A2561D36-9E89-412A-A17A-396A376FC2F5}.Debug|Any CPU.ActiveCfg = Debug|Any CPU
		{A2561D36-9E89-412A-A17A-396A376FC2F5}.Debug|Any CPU.Build.0 = Debug|Any CPU
		{A2561D36-9E89-412A-A17A-396A376FC2F5}.Release|Any CPU.ActiveCfg = Release|Any CPU
		{A2561D36-9E89-412A-A17A-396A376FC2F5}.Release|Any CPU.Build.0 = Release|Any CPU
	EndGlobalSection
	GlobalSection(SolutionProperties) = preSolution
		HideSolutionNode = FALSE
	EndGlobalSection
	GlobalSection(ExtensibilityGlobals) = postSolution
		SolutionGuid = {46D0F04D-F239-4A1F-A230-B80DD2BAF10B}
	EndGlobalSection
	GlobalSection(NestedProjects) = preSolution
		{F7BCB5EF-3F27-424F-84C3-918693D6C450} = {4271BA5E-E4B0-43E3-8EC7-5871F567C9E2}
		{F6A91818-A641-43F9-B462-EAA22E748AC6} = {4271BA5E-E4B0-43E3-8EC7-5871F567C9E2}
		{1C9DFEAB-B82C-4F12-A572-0028E36C1274} = {4271BA5E-E4B0-43E3-8EC7-5871F567C9E2}
		{C5EDEE28-542C-41E3-BCA2-CB8B52CB5B0E} = {4271BA5E-E4B0-43E3-8EC7-5871F567C9E2}
		{954538D7-808D-4AAD-8D17-4C56528E7BF4} = {4271BA5E-E4B0-43E3-8EC7-5871F567C9E2}
		{E09C5D86-DBAC-4E4D-84DE-462C7DAF40EF} = {4271BA5E-E4B0-43E3-8EC7-5871F567C9E2}
		{78F24DF1-1C88-42F0-9BC7-9BFB855D4823} = {4271BA5E-E4B0-43E3-8EC7-5871F567C9E2}
		{7F7FE35E-1E83-4222-BBE4-DBF378984062} = {4271BA5E-E4B0-43E3-8EC7-5871F567C9E2}
		{15D59C1F-F75F-45E8-8639-FB349D07A303} = {A11F1470-B261-4049-9B99-9D8F51071A94}
		{A2561D36-9E89-412A-A17A-396A376FC2F5} = {A11F1470-B261-4049-9B99-9D8F51071A94}
	EndGlobalSection
EndGlobal
