
Microsoft Visual Studio Solution File, Format Version 12.00
# Visual Studio Version 17
VisualStudioVersion = 17.7.34031.279
MinimumVisualStudioVersion = 10.0.40219.1
Project("{9A19103F-16F7-4668-BE54-9A1E7A4F7556}") = "DanilvarKanji.Api", "NihongoQCards.Api\DanilvarKanji.Api.csproj", "{F6A91818-A641-43F9-B462-EAA22E748AC6}"
EndProject
Project("{FAE04EC0-301F-11D3-BF4B-00C04F79EFBC}") = "DanilvarKanji.Shared", "DanilvarKanji.Shared\DanilvarKanji.Shared.csproj", "{954538D7-808D-4AAD-8D17-4C56528E7BF4}"
EndProject
Project("{FAE04EC0-301F-11D3-BF4B-00C04F79EFBC}") = "DanilvarKanji.Client", "DanilvarKanji.Client\DanilvarKanji.Client.csproj", "{C5EDEE28-542C-41E3-BCA2-CB8B52CB5B0E}"
EndProject
Project("{FAE04EC0-301F-11D3-BF4B-00C04F79EFBC}") = "Danilvar.Components", "Danilvar.Components\Danilvar.Components.csproj", "{F7BCB5EF-3F27-424F-84C3-918693D6C450}"
EndProject
Project("{FAE04EC0-301F-11D3-BF4B-00C04F79EFBC}") = "Danilvar.SmartEnum", "Danilvar.SmartEnum\Danilvar.SmartEnum.csproj", "{9DA6C0ED-F652-4317-990E-C6B59FAEA020}"
EndProject
Global
	GlobalSection(SolutionConfigurationPlatforms) = preSolution
		Debug|Any CPU = Debug|Any CPU
		Release|Any CPU = Release|Any CPU
	EndGlobalSection
	GlobalSection(ProjectConfigurationPlatforms) = postSolution
		{F6A91818-A641-43F9-B462-EAA22E748AC6}.Debug|Any CPU.ActiveCfg = Debug|Any CPU
		{F6A91818-A641-43F9-B462-EAA22E748AC6}.Debug|Any CPU.Build.0 = Debug|Any CPU
		{F6A91818-A641-43F9-B462-EAA22E748AC6}.Release|Any CPU.ActiveCfg = Release|Any CPU
		{F6A91818-A641-43F9-B462-EAA22E748AC6}.Release|Any CPU.Build.0 = Release|Any CPU
		{954538D7-808D-4AAD-8D17-4C56528E7BF4}.Debug|Any CPU.ActiveCfg = Debug|Any CPU
		{954538D7-808D-4AAD-8D17-4C56528E7BF4}.Debug|Any CPU.Build.0 = Debug|Any CPU
		{954538D7-808D-4AAD-8D17-4C56528E7BF4}.Release|Any CPU.ActiveCfg = Release|Any CPU
		{954538D7-808D-4AAD-8D17-4C56528E7BF4}.Release|Any CPU.Build.0 = Release|Any CPU
		{C5EDEE28-542C-41E3-BCA2-CB8B52CB5B0E}.Debug|Any CPU.ActiveCfg = Debug|Any CPU
		{C5EDEE28-542C-41E3-BCA2-CB8B52CB5B0E}.Debug|Any CPU.Build.0 = Debug|Any CPU
		{C5EDEE28-542C-41E3-BCA2-CB8B52CB5B0E}.Release|Any CPU.ActiveCfg = Release|Any CPU
		{C5EDEE28-542C-41E3-BCA2-CB8B52CB5B0E}.Release|Any CPU.Build.0 = Release|Any CPU
		{F7BCB5EF-3F27-424F-84C3-918693D6C450}.Debug|Any CPU.ActiveCfg = Debug|Any CPU
		{F7BCB5EF-3F27-424F-84C3-918693D6C450}.Debug|Any CPU.Build.0 = Debug|Any CPU
		{F7BCB5EF-3F27-424F-84C3-918693D6C450}.Release|Any CPU.ActiveCfg = Release|Any CPU
		{F7BCB5EF-3F27-424F-84C3-918693D6C450}.Release|Any CPU.Build.0 = Release|Any CPU
		{9DA6C0ED-F652-4317-990E-C6B59FAEA020}.Debug|Any CPU.ActiveCfg = Debug|Any CPU
		{9DA6C0ED-F652-4317-990E-C6B59FAEA020}.Debug|Any CPU.Build.0 = Debug|Any CPU
		{9DA6C0ED-F652-4317-990E-C6B59FAEA020}.Release|Any CPU.ActiveCfg = Release|Any CPU
		{9DA6C0ED-F652-4317-990E-C6B59FAEA020}.Release|Any CPU.Build.0 = Release|Any CPU
	EndGlobalSection
	GlobalSection(SolutionProperties) = preSolution
		HideSolutionNode = FALSE
	EndGlobalSection
	GlobalSection(ExtensibilityGlobals) = postSolution
		SolutionGuid = {46D0F04D-F239-4A1F-A230-B80DD2BAF10B}
	EndGlobalSection
EndGlobal
